{
  "nodes": {
    "flake-utils": {
      "locked": {
        "lastModified": 1622445595,
        "narHash": "sha256-m+JRe6Wc5OZ/mKw2bB3+Tl0ZbtyxxxfnAWln8Q5qs+Y=",
        "owner": "numtide",
        "repo": "flake-utils",
        "rev": "7d706970d94bc5559077eb1a6600afddcd25a7c8",
        "type": "github"
      },
      "original": {
        "owner": "numtide",
        "repo": "flake-utils",
        "type": "github"
      }
    },
    "nixpkgs": {
      "locked": {
        "lastModified": 1623167903,
        "narHash": "sha256-m1JHo/kfsA+wcbZeYa0Ri96MSUZ3pR5PSLFfOq3+OME=",
        "owner": "NixOS",
        "repo": "nixpkgs",
        "rev": "f2f583eceb7b6ab9a7f0c9b14dfaac9d0b059a10",
        "type": "github"
      },
      "original": {
        "owner": "NixOS",
        "repo": "nixpkgs",
        "type": "github"
      }
    },
    "root": {
      "inputs": {
        "flake-utils": "flake-utils",
        "nixpkgs": "nixpkgs"
      }
    }
  },
  "root": "root",
  "version": 7
}
